
Microsoft Visual Studio Solution File, Format Version 12.00
# Visual Studio Version 16
VisualStudioVersion = 16.0.30611.23
MinimumVisualStudioVersion = 10.0.40219.1
Project("{FAE04EC0-301F-11D3-BF4B-00C04F79EFBC}") = "BookRESTService", "BookRESTService\BookRESTService.csproj", "{14B5D532-20E8-47E0-8576-01F5165E2CD2}"
EndProject
Global
	GlobalSection(SolutionConfigurationPlatforms) = preSolution
		Debug|Any CPU = Debug|Any CPU
		Release|Any CPU = Release|Any CPU
	EndGlobalSection
	GlobalSection(ProjectConfigurationPlatforms) = postSolution
		{14B5D532-20E8-47E0-8576-01F5165E2CD2}.Debug|Any CPU.ActiveCfg = Debug|Any CPU
		{14B5D532-20E8-47E0-8576-01F5165E2CD2}.Debug|Any CPU.Build.0 = Debug|Any CPU
		{14B5D532-20E8-47E0-8576-01F5165E2CD2}.Release|Any CPU.ActiveCfg = Release|Any CPU
		{14B5D532-20E8-47E0-8576-01F5165E2CD2}.Release|Any CPU.Build.0 = Release|Any CPU
	EndGlobalSection
	GlobalSection(SolutionProperties) = preSolution
		HideSolutionNode = FALSE
	EndGlobalSection
	GlobalSection(ExtensibilityGlobals) = postSolution
		SolutionGuid = {0D533971-FF93-43CD-ACF4-890A793F8935}
	EndGlobalSection
EndGlobal
